dependencies:
- name: postgresql
  repository: https://kubernetes-charts.storage.googleapis.com/
  version: 8.6.4
- name: rabbitmq
  repository: https://charts.bitnami.com/bitnami
  version: 7.6.6
digest: sha256:05fd98bdf3586d93afb9a48e0460a8c178465ff8c82c4daf5348ae2f5c7310eb
generated: "2020-09-12T19:55:05.661832-04:00"
