dependencies:
- name: postgresql
  repository: https://kubernetes-charts.storage.googleapis.com/
  version: 5.3.13
- name: rabbitmq
  repository: https://kubernetes-charts.storage.googleapis.com/
  version: 6.2.1
digest: sha256:c1d39994dc4ea038209ef2f4c927d90033bf764f4a386483b9e3aeedb73da2ea
generated: "2019-09-07T10:50:44.878329-04:00"
